
Microsoft Visual Studio Solution File, Format Version 12.00
# Visual Studio Version 17
VisualStudioVersion = 17.9.34723.18
MinimumVisualStudioVersion = 10.0.40219.1
Project("{FAE04EC0-301F-11D3-BF4B-00C04F79EFBC}") = "RepositoryPatternWithUOW.Api", "RepositoryPatternWithUOW.Api\RepositoryPatternWithUOW.Api.csproj", "{33D63465-88E4-4CAD-8BE8-3B0DB75DA083}"
EndProject
Project("{FAE04EC0-301F-11D3-BF4B-00C04F79EFBC}") = "RepositoryPatternWithUOW.Core", "RepositoryPatternWithUOW.Core\RepositoryPatternWithUOW.Core.csproj", "{CDA3B189-2F3E-447C-8089-4358525E28DC}"
EndProject
Project("{FAE04EC0-301F-11D3-BF4B-00C04F79EFBC}") = "RepositoryPatternWithUOW.EF", "RepositoryPatternWithUOW.EF\RepositoryPatternWithUOW.EF.csproj", "{BCC68D1C-3165-42C3-8B4C-015EA07B346D}"
EndProject
Global
	GlobalSection(SolutionConfigurationPlatforms) = preSolution
		Debug|Any CPU = Debug|Any CPU
		Release|Any CPU = Release|Any CPU
	EndGlobalSection
	GlobalSection(ProjectConfigurationPlatforms) = postSolution
		{33D63465-88E4-4CAD-8BE8-3B0DB75DA083}.Debug|Any CPU.ActiveCfg = Debug|Any CPU
		{33D63465-88E4-4CAD-8BE8-3B0DB75DA083}.Debug|Any CPU.Build.0 = Debug|Any CPU
		{33D63465-88E4-4CAD-8BE8-3B0DB75DA083}.Release|Any CPU.ActiveCfg = Release|Any CPU
		{33D63465-88E4-4CAD-8BE8-3B0DB75DA083}.Release|Any CPU.Build.0 = Release|Any CPU
		{CDA3B189-2F3E-447C-8089-4358525E28DC}.Debug|Any CPU.ActiveCfg = Debug|Any CPU
		{CDA3B189-2F3E-447C-8089-4358525E28DC}.Debug|Any CPU.Build.0 = Debug|Any CPU
		{CDA3B189-2F3E-447C-8089-4358525E28DC}.Release|Any CPU.ActiveCfg = Release|Any CPU
		{CDA3B189-2F3E-447C-8089-4358525E28DC}.Release|Any CPU.Build.0 = Release|Any CPU
		{BCC68D1C-3165-42C3-8B4C-015EA07B346D}.Debug|Any CPU.ActiveCfg = Debug|Any CPU
		{BCC68D1C-3165-42C3-8B4C-015EA07B346D}.Debug|Any CPU.Build.0 = Debug|Any CPU
		{BCC68D1C-3165-42C3-8B4C-015EA07B346D}.Release|Any CPU.ActiveCfg = Release|Any CPU
		{BCC68D1C-3165-42C3-8B4C-015EA07B346D}.Release|Any CPU.Build.0 = Release|Any CPU
	EndGlobalSection
	GlobalSection(SolutionProperties) = preSolution
		HideSolutionNode = FALSE
	EndGlobalSection
	GlobalSection(ExtensibilityGlobals) = postSolution
		SolutionGuid = {A629469B-7F55-481D-9CE4-5E817859A3FA}
	EndGlobalSection
EndGlobal
